
Microsoft Visual Studio Solution File, Format Version 12.00
# Visual Studio Version 17
VisualStudioVersion = 17.3.32611.2
MinimumVisualStudioVersion = 10.0.40219.1
Project("{FAE04EC0-301F-11D3-BF4B-00C04F79EFBC}") = "StringLibrary", "StringLibrary\StringLibrary.csproj", "{A2B99926-D736-48B6-A9EF-DA7F0872EEBD}"
EndProject
Global
	GlobalSection(SolutionConfigurationPlatforms) = preSolution
		Debug|Any CPU = Debug|Any CPU
		Release|Any CPU = Release|Any CPU
	EndGlobalSection
	GlobalSection(ProjectConfigurationPlatforms) = postSolution
		{A2B99926-D736-48B6-A9EF-DA7F0872EEBD}.Debug|Any CPU.ActiveCfg = Debug|Any CPU
		{A2B99926-D736-48B6-A9EF-DA7F0872EEBD}.Debug|Any CPU.Build.0 = Debug|Any CPU
		{A2B99926-D736-48B6-A9EF-DA7F0872EEBD}.Release|Any CPU.ActiveCfg = Release|Any CPU
		{A2B99926-D736-48B6-A9EF-DA7F0872EEBD}.Release|Any CPU.Build.0 = Release|Any CPU
	EndGlobalSection
	GlobalSection(SolutionProperties) = preSolution
		HideSolutionNode = FALSE
	EndGlobalSection
	GlobalSection(ExtensibilityGlobals) = postSolution
		SolutionGuid = {DFB023DF-7AD3-4076-8024-DFBDF07CB04A}
	EndGlobalSection
EndGlobal
